{
  "name": "exo-02",
  "version": "0.1.0",
  "lockfileVersion": 3,
  "requires": true,
  "packages": {
    "": {
      "name": "exo-02",
      "version": "0.1.0",
      "license": "ISC",
      "dependencies": {
        "dayjs": "^1.11.10",
        "export-to-csv": "^1.2.2"
      }
    },
    "node_modules/dayjs": {
      "version": "1.11.10",
      "resolved": "https://registry.npmjs.org/dayjs/-/dayjs-1.11.10.tgz",
      "integrity": "sha512-vjAczensTgRcqDERK0SR2XMwsF/tSvnvlv6VcF2GIhg6Sx4yOIt/irsr1RDJsKiIyBzJDpCoXiWWq28MqH2cnQ=="
    },
    "node_modules/export-to-csv": {
      "version": "1.2.2",
      "resolved": "https://registry.npmjs.org/export-to-csv/-/export-to-csv-1.2.2.tgz",
      "integrity": "sha512-d9BxkLlyxeyFU1yhQKGjnnEQj2fh6PjyDVGyiI/uj7PD/oe7Lo1551B1lTaQeXHGPRX2DHuk6i3JMZB6ncJApQ=="
    }
  }
}
